# Generated by pub
# See https://dart.dev/tools/pub/glossary#lockfile
packages:
  args:
    dependency: transitive
    description:
      name: args
      sha256: eef6c46b622e0494a36c5a12d10d77fb4e855501a91c1b9ef9339326e58f0596
      url: "https://pub.dev"
    source: hosted
    version: "2.4.2"
  async:
    dependency: transitive
    description:
      name: async
      sha256: "758e6d74e971c3e5aceb4110bfd6698efc7f501675bcfe0c775459a8140750eb"
      url: "https://pub.dev"
    source: hosted
    version: "2.13.0"
  characters:
    dependency: transitive
    description:
      name: characters
      sha256: f71061c654a3380576a52b451dd5532377954cf9dbd272a78fc8479606670803
      url: "https://pub.dev"
    source: hosted
    version: "1.4.0"
  charcode:
    dependency: transitive
    description:
      name: charcode
      sha256: fb98c0f6d12c920a02ee2d998da788bca066ca5f148492b7085ee23372b12306
      url: "https://pub.dev"
    source: hosted
    version: "1.3.1"
  collection:
    dependency: "direct main"
    description:
      name: collection
      sha256: "2f5709ae4d3d59dd8f7cd309b4e023046b57d8a6c82130785d2b0e5868084e76"
      url: "https://pub.dev"
    source: hosted
    version: "1.19.1"
  dev_build:
    dependency: transitive
    description:
      name: dev_build
      sha256: e5d575f3de4b0e5f004e065e1e2d98fa012d634b61b5855216b5698ed7f1e443
      url: "https://pub.dev"
    source: hosted
    version: "0.16.4+3"
  ffi:
    dependency: transitive
    description:
      name: ffi
      sha256: "493f37e7df1804778ff3a53bd691d8692ddf69702cf4c1c1096a2e41b4779e21"
      url: "https://pub.dev"
    source: hosted
    version: "2.1.2"
  floor_annotation:
    dependency: "direct main"
    description:
      path: "../floor_annotation"
      relative: true
    source: path
    version: "1.4.2"
  floor_common:
    dependency: "direct main"
    description:
      path: "../floor_common"
      relative: true
    source: path
    version: "1.2.0"
  flutter:
    dependency: "direct main"
    description: flutter
    source: sdk
    version: "0.0.0"
  http:
    dependency: transitive
    description:
      name: http
      sha256: "2c11f3f94c687ee9bad77c171151672986360b2b001d109814ee7140b2cf261b"
      url: "https://pub.dev"
    source: hosted
    version: "1.4.0"
  http_parser:
    dependency: transitive
    description:
      name: http_parser
      sha256: "2aa08ce0341cc9b354a498388e30986515406668dbcc4f7c950c3e715496693b"
      url: "https://pub.dev"
    source: hosted
    version: "4.0.2"
  material_color_utilities:
    dependency: transitive
    description:
      name: material_color_utilities
      sha256: f7142bb1154231d7ea5f96bc7bde4bda2a0945d2806bb11670e30b850d56bdec
      url: "https://pub.dev"
    source: hosted
    version: "0.11.1"
  meta:
    dependency: "direct main"
    description:
      name: meta
      sha256: e3641ec5d63ebf0d9b41bd43201a66e3fc79a65db5f61fc181f04cd27aab950c
      url: "https://pub.dev"
    source: hosted
    version: "1.16.0"
  path:
    dependency: "direct main"
    description:
      name: path
      sha256: "75cca69d1490965be98c73ceaea117e8a04dd21217b37b292c9ddbec0d955bc5"
      url: "https://pub.dev"
    source: hosted
    version: "1.9.1"
  platform:
    dependency: transitive
    description:
      name: platform
      sha256: "5d6b1b0036a5f331ebc77c850ebc8506cbc1e9416c27e59b439f917a902a4984"
      url: "https://pub.dev"
    source: hosted
    version: "3.1.6"
  plugin_platform_interface:
    dependency: transitive
    description:
      name: plugin_platform_interface
      sha256: "4820fbfdb9478b1ebae27888254d445073732dae3d6ea81f0b7e06d5dedc3f02"
      url: "https://pub.dev"
    source: hosted
    version: "2.1.8"
  pool:
    dependency: transitive
    description:
      name: pool
      sha256: "20fe868b6314b322ea036ba325e6fc0711a22948856475e2c2b6306e8ab39c2a"
      url: "https://pub.dev"
    source: hosted
    version: "1.5.1"
  process_run:
    dependency: transitive
    description:
      name: process_run
      sha256: "8d9c6198b98fbbfb511edd42e7364e24d85c163e47398919871b952dc86a423e"
      url: "https://pub.dev"
    source: hosted
    version: "0.14.2"
  pub_semver:
    dependency: transitive
    description:
      name: pub_semver
      sha256: "40d3ab1bbd474c4c2328c91e3a7df8c6dd629b79ece4c4bd04bee496a224fb0c"
      url: "https://pub.dev"
    source: hosted
    version: "2.1.4"
  sky_engine:
    dependency: transitive
    description: flutter
    source: sdk
    version: "0.0.0"
  source_span:
    dependency: transitive
    description:
      name: source_span
      sha256: "254ee5351d6cb365c859e20ee823c3bb479bf4a293c22d17a9f1bf144ce86f7c"
      url: "https://pub.dev"
    source: hosted
    version: "1.10.1"
  sqflite:
    dependency: "direct main"
    description:
      name: sqflite
      sha256: e2297b1da52f127bc7a3da11439985d9b536f75070f3325e62ada69a5c585d03
      url: "https://pub.dev"
    source: hosted
    version: "2.4.2"
  sqflite_android:
    dependency: transitive
    description:
      name: sqflite_android
      sha256: "2b3070c5fa881839f8b402ee4a39c1b4d561704d4ebbbcfb808a119bc2a1701b"
      url: "https://pub.dev"
    source: hosted
    version: "2.4.1"
  sqflite_common:
    dependency: transitive
    description:
      name: sqflite_common
      sha256: "84731e8bfd8303a3389903e01fb2141b6e59b5973cacbb0929021df08dddbe8b"
      url: "https://pub.dev"
    source: hosted
    version: "2.5.5"
  sqflite_common_ffi:
    dependency: "direct main"
    description:
      name: sqflite_common_ffi
      sha256: "9faa2fedc5385ef238ce772589f7718c24cdddd27419b609bb9c6f703ea27988"
      url: "https://pub.dev"
    source: hosted
    version: "2.3.6"
  sqflite_common_ffi_web:
    dependency: "direct main"
    description:
      name: sqflite_common_ffi_web
      sha256: "983cf7b33b16e6bc086c8e09f6a1fae69d34cdb167d7acaf64cbd3515942d4e6"
      url: "https://pub.dev"
    source: hosted
    version: "1.0.0"
  sqflite_darwin:
    dependency: transitive
    description:
      name: sqflite_darwin
      sha256: "279832e5cde3fe99e8571879498c9211f3ca6391b0d818df4e17d9fff5c6ccb3"
      url: "https://pub.dev"
    source: hosted
    version: "2.4.2"
  sqflite_platform_interface:
    dependency: transitive
    description:
      name: sqflite_platform_interface
      sha256: "8dd4515c7bdcae0a785b0062859336de775e8c65db81ae33dd5445f35be61920"
      url: "https://pub.dev"
    source: hosted
    version: "2.4.0"
  sqlite3:
    dependency: transitive
    description:
      name: sqlite3
      sha256: dd806fff004a0aeb01e208b858dbc649bc72104670d425a81a6dd17698535f6e
      url: "https://pub.dev"
    source: hosted
    version: "2.8.0"
  sqlparser:
    dependency: "direct main"
    description:
      name: sqlparser
      sha256: "7c859c803cf7e9a84d6db918bac824545045692bbe94a6386bd3a45132235d09"
      url: "https://pub.dev"
    source: hosted
    version: "0.41.1"
  stack_trace:
    dependency: transitive
    description:
      name: stack_trace
      sha256: "8b27215b45d22309b5cddda1aa2b19bdfec9df0e765f2de506401c071d38d1b1"
      url: "https://pub.dev"
    source: hosted
    version: "1.12.1"
  string_scanner:
    dependency: transitive
    description:
      name: string_scanner
      sha256: "921cd31725b72fe181906c6a94d987c78e3b98c2e205b397ea399d4054872b43"
      url: "https://pub.dev"
    source: hosted
    version: "1.4.1"
  synchronized:
    dependency: transitive
    description:
      name: synchronized
      sha256: c254ade258ec8282947a0acbbc90b9575b4f19673533ee46f2f6e9b3aeefd7c0
      url: "https://pub.dev"
    source: hosted
    version: "3.4.0"
  term_glyph:
    dependency: transitive
    description:
      name: term_glyph
      sha256: "7f554798625ea768a7518313e58f83891c7f5024f88e46e7182a4558850a4b8e"
      url: "https://pub.dev"
    source: hosted
    version: "1.2.2"
  typed_data:
    dependency: transitive
    description:
      name: typed_data
      sha256: facc8d6582f16042dd49f2463ff1bd6e2c9ef9f3d5da3d9b087e244a7b564b3c
      url: "https://pub.dev"
    source: hosted
    version: "1.3.2"
  vector_math:
    dependency: transitive
    description:
      name: vector_math
      sha256: "80b3257d1492ce4d091729e3a67a60407d227c27241d6927be0130c98e741803"
      url: "https://pub.dev"
    source: hosted
    version: "2.1.4"
  web:
    dependency: transitive
    description:
      name: web
      sha256: "868d88a33d8a87b18ffc05f9f030ba328ffefba92d6c127917a2ba740f9cfe4a"
      url: "https://pub.dev"
    source: hosted
    version: "1.1.1"
  yaml:
    dependency: transitive
    description:
      name: yaml
      sha256: "75769501ea3489fca56601ff33454fe45507ea3bfb014161abc3b43ae25989d5"
      url: "https://pub.dev"
    source: hosted
    version: "3.1.2"
sdks:
  dart: ">=3.8.0 <4.0.0"
  flutter: ">=3.24.0"
